{
  "version": "2",
  "remote": {
    "https://deno.land/std@0.188.0/testing/_test_suite.ts": "30f018feeb3835f12ab198d8a518f9089b1bcb2e8c838a8b615ab10d5005465c",
    "https://deno.land/std@0.188.0/testing/bdd.ts": "59f7f7503066d66a12e50ace81bfffae5b735b6be1208f5684b630ae6b4de1d0",
    "https://deno.land/std@0.97.0/fmt/colors.ts": "db22b314a2ae9430ae7460ce005e0a7130e23ae1c999157e3bb77cf55800f7e4",
    "https://deno.land/std@0.97.0/testing/_diff.ts": "961eaf6d9f5b0a8556c9d835bbc6fa74f5addd7d3b02728ba7936ff93364f7a3",
    "https://deno.land/std@0.97.0/testing/asserts.ts": "341292d12eebc44be4c3c2ca101ba8b6b5859cef2fa69d50c217f9d0bfbcfd1f",
    "https://deno.land/x/expect@v0.3.0/expect.ts": "5e6717eddc9df376f7b2c9be6403e016130bb2edbb1acd261a2d6ea9608ee196",
    "https://deno.land/x/expect@v0.3.0/matchers.ts": "a37ef4577739247af77a852cdcd69484f999a41ad86ec16bb63a88a7a47a2372",
    "https://deno.land/x/expect@v0.3.0/mock.ts": "562d4b1d735d15b0b8e935f342679096b64fe452f86e96714fe8616c0c884914",
    "https://deno.land/x/expect@v0.3.0/mod.ts": "0304d2430e1e96ba669a8495e24ba606dcc3d152e1f81aaa8da898cea24e36c2",
    "https://esm.sh/hastscript@7.2.0": "eaee283dba070788f81609039d21d60e2b3d8f7f99e62c3fb136e1348b8d4caa",
    "https://esm.sh/v126/@types/hast@2.3.4/index.d.ts": "394b2653905839c7fe4c7b7d91bc2f3e16a28e4d6551ed681ea1002fbbadca8e",
    "https://esm.sh/v126/@types/unist@2.0.6/index.d.ts": "cddf5c26907c0b8378bc05543161c11637b830da9fadf59e02a11e675d11e180",
    "https://esm.sh/v126/comma-separated-tokens@2.0.3/denonext/comma-separated-tokens.mjs": "ad5df8a36487e0a63d15bbbb6bab8b153e08583d0d5eb6d0058cd0fc619252e0",
    "https://esm.sh/v126/hast-util-parse-selector@3.1.1/denonext/hast-util-parse-selector.mjs": "df576c8298a048d9aad89506f5884db91bc249bb6e221b9fd3b228eb40980a62",
    "https://esm.sh/v126/hastscript@7.2.0/denonext/hastscript.mjs": "36e45193cfdd45411b68d89f4e800a5ceacd124d20e740fc57ebbe19f568d70f",
    "https://esm.sh/v126/hastscript@7.2.0/index.d.ts": "9e08292909b3a3da925b23ae77433901bbeb7ebfbc5adbc99b70523a679cd4ba",
    "https://esm.sh/v126/hastscript@7.2.0/lib/core.d.ts": "b858399b4841dcb84c2138aa10bcbecaece667eb46abf8d83f4a5122e9f604e2",
    "https://esm.sh/v126/hastscript@7.2.0/lib/html.d.ts": "5731ddb5337a9e85483ebd4d62f7061ae4be026a709ab782dc69c39ddeaac554",
    "https://esm.sh/v126/hastscript@7.2.0/lib/index.d.ts": "77fff033d05d40f7352a07c8a23f00967b38efbdc60d44792a73e40db594672b",
    "https://esm.sh/v126/hastscript@7.2.0/lib/jsx-classic.d.ts": "59683755bad9a4b4525b6ed066a29e1d71ee70630c42728f400a4e3e840675a8",
    "https://esm.sh/v126/hastscript@7.2.0/lib/svg.d.ts": "a781f18b7f364f43a00da4a91c44450e327d4c409e761d5a454e7db9bcdb6a70",
    "https://esm.sh/v126/property-information@6.2.0/denonext/property-information.mjs": "c36042799161605d2ba2af318abf697a41e77e7ef5c80f5740de470db7776b9c",
    "https://esm.sh/v126/property-information@6.2.0/index.d.ts": "a9e5c5ec2c2f725d3076d5723936f9421b61aad61c70761a046887e78205faff",
    "https://esm.sh/v126/property-information@6.2.0/lib/find.d.ts": "946fb56407dd8761cb61b1670a6c7df7e12bd5ec4b543b23c627d6ed94d7ce6f",
    "https://esm.sh/v126/property-information@6.2.0/lib/hast-to-react.d.ts": "46ab5ea5cdbc0ce75ade44ec0d9aa164f81e42b061d8e573b832a73ed181da57",
    "https://esm.sh/v126/property-information@6.2.0/lib/normalize.d.ts": "d752d4dde165ab9bd56ddd111f59a6bf46eebbc6d4ba4e433f2ea21d1d0599e6",
    "https://esm.sh/v126/property-information@6.2.0/lib/util/info.d.ts": "7bd32cd2e05737c6a5041ca7a31ceca0c14ce065661c5d1ae5f7bfa35ff3fc5e",
    "https://esm.sh/v126/property-information@6.2.0/lib/util/schema.d.ts": "35fc1ace1046f537efd2a4f06cf58149465ccca6bc1045ee0bd27e58fcd53804",
    "https://esm.sh/v126/space-separated-tokens@2.0.2/denonext/space-separated-tokens.mjs": "f30773a9959cacfe7511c250e5d125a9f88ee00d3aef6e87b4d17fe49806b276",
    "https://esm.sh/v127/@types/hast-format@2.3.0/index.d.ts": "1eba906a7067bee0600afa8cb272e4ce654f03d58ede31a8cf30496e86e8521b",
    "https://esm.sh/v127/@types/unist@2.0.6/index.d.ts": "cddf5c26907c0b8378bc05543161c11637b830da9fadf59e02a11e675d11e180"
  }
}
